// !$*UTF8*$!
{
	archiveVersion = 1;
	classes = {
	};
	objectVersion = 48;
	objects = {

/* Begin PBXBuildFile section */
		283D87E86C2F621DE8EDBF93 /* Pods_ThatsMyJamTests.framework in Frameworks */ = {isa = PBXBuildFile; fileRef = 58EF45B95F707500CAABFCF0 /* Pods_ThatsMyJamTests.framework */; };
		290070C8202529100054A0C2 /* GoogleService-Info.plist in Resources */ = {isa = PBXBuildFile; fileRef = 290070C7202529100054A0C2 /* GoogleService-Info.plist */; };
		2933FB25205F209100EC7343 /* Localizable.strings in Resources */ = {isa = PBXBuildFile; fileRef = 2933FB27205F209100EC7343 /* Localizable.strings */; };
		2943999E206203F6005FBD99 /* StoryboardKeys.swift in Sources */ = {isa = PBXBuildFile; fileRef = 2943999D206203F6005FBD99 /* StoryboardKeys.swift */; };
		294399A12062057B005FBD99 /* FeedbackViewController.swift in Sources */ = {isa = PBXBuildFile; fileRef = 294399A02062057B005FBD99 /* FeedbackViewController.swift */; };
		294399A320620747005FBD99 /* Keys.plist in Resources */ = {isa = PBXBuildFile; fileRef = 294399A220620747005FBD99 /* Keys.plist */; };
		295AFDD72061F4CC00C04DD4 /* AcknowledgementsViewController.swift in Sources */ = {isa = PBXBuildFile; fileRef = 295AFDD62061F4CC00C04DD4 /* AcknowledgementsViewController.swift */; };
		295AFDD92061F4F400C04DD4 /* AcknowledgementsViewModel.swift in Sources */ = {isa = PBXBuildFile; fileRef = 295AFDD82061F4F400C04DD4 /* AcknowledgementsViewModel.swift */; };
		295AFDDA2061F4F400C04DD4 /* AcknowledgementsViewModel.swift in Sources */ = {isa = PBXBuildFile; fileRef = 295AFDD82061F4F400C04DD4 /* AcknowledgementsViewModel.swift */; };
		295AFDDD2061F52800C04DD4 /* Library.swift in Sources */ = {isa = PBXBuildFile; fileRef = 295AFDDC2061F52800C04DD4 /* Library.swift */; };
		295AFDDE2061F52800C04DD4 /* Library.swift in Sources */ = {isa = PBXBuildFile; fileRef = 295AFDDC2061F52800C04DD4 /* Library.swift */; };
		295AFDE02061F56000C04DD4 /* LegalViewController.swift in Sources */ = {isa = PBXBuildFile; fileRef = 295AFDDF2061F56000C04DD4 /* LegalViewController.swift */; };
		295AFDE12061F56000C04DD4 /* LegalViewController.swift in Sources */ = {isa = PBXBuildFile; fileRef = 295AFDDF2061F56000C04DD4 /* LegalViewController.swift */; };
		295AFDE32061F59700C04DD4 /* UIViewController+Extensions.swift in Sources */ = {isa = PBXBuildFile; fileRef = 295AFDE22061F59700C04DD4 /* UIViewController+Extensions.swift */; };
		295AFDE42061F59700C04DD4 /* UIViewController+Extensions.swift in Sources */ = {isa = PBXBuildFile; fileRef = 295AFDE22061F59700C04DD4 /* UIViewController+Extensions.swift */; };
		295AFDE62061F60300C04DD4 /* AcknowledgementsTableViewCell.swift in Sources */ = {isa = PBXBuildFile; fileRef = 295AFDE52061F60300C04DD4 /* AcknowledgementsTableViewCell.swift */; };
		295AFDE72061F60300C04DD4 /* AcknowledgementsTableViewCell.swift in Sources */ = {isa = PBXBuildFile; fileRef = 295AFDE52061F60300C04DD4 /* AcknowledgementsTableViewCell.swift */; };
		2990C69C206223EA005F1825 /* Pods-ThatsMyJam-acknowledgements.plist in Resources */ = {isa = PBXBuildFile; fileRef = 2990C69B206223EA005F1825 /* Pods-ThatsMyJam-acknowledgements.plist */; };
		2990D801202525FA0090E18C /* UIView+Extensions.swift in Sources */ = {isa = PBXBuildFile; fileRef = 2990D800202525FA0090E18C /* UIView+Extensions.swift */; };
		2990D8032025260E0090E18C /* Sequence+Extensions.swift in Sources */ = {isa = PBXBuildFile; fileRef = 2990D8022025260E0090E18C /* Sequence+Extensions.swift */; };
		2990D8052025261F0090E18C /* MutableCollection+Extensions.swift in Sources */ = {isa = PBXBuildFile; fileRef = 2990D8042025261F0090E18C /* MutableCollection+Extensions.swift */; };
		2991FD6920621B180056D91B /* Settings.bundle in Resources */ = {isa = PBXBuildFile; fileRef = 2991FD6820621B180056D91B /* Settings.bundle */; };
		2994BBF720620960006FC966 /* SettingsViewController.swift in Sources */ = {isa = PBXBuildFile; fileRef = 2994BBF620620960006FC966 /* SettingsViewController.swift */; };
		2994BBF920620C30006FC966 /* MediaPlayerViewController.swift in Sources */ = {isa = PBXBuildFile; fileRef = 2994BBF820620C30006FC966 /* MediaPlayerViewController.swift */; };
		2994BBFA20620C30006FC966 /* MediaPlayerViewController.swift in Sources */ = {isa = PBXBuildFile; fileRef = 2994BBF820620C30006FC966 /* MediaPlayerViewController.swift */; };
		2994BBFB20620ED1006FC966 /* Main.storyboard in Resources */ = {isa = PBXBuildFile; fileRef = 29A3A02B202522E900118867 /* Main.storyboard */; };
		2994BBFF20621074006FC966 /* SettingsViewController.swift in Sources */ = {isa = PBXBuildFile; fileRef = 2994BBF620620960006FC966 /* SettingsViewController.swift */; };
		2994BC002062116F006FC966 /* StoryboardKeys.swift in Sources */ = {isa = PBXBuildFile; fileRef = 2943999D206203F6005FBD99 /* StoryboardKeys.swift */; };
		2994BC01206213E8006FC966 /* AcknowledgementsViewController.swift in Sources */ = {isa = PBXBuildFile; fileRef = 295AFDD62061F4CC00C04DD4 /* AcknowledgementsViewController.swift */; };
		29A3A028202522E900118867 /* AppDelegate.swift in Sources */ = {isa = PBXBuildFile; fileRef = 29A3A027202522E900118867 /* AppDelegate.swift */; };
		29A3A02D202522E900118867 /* Main.storyboard in Resources */ = {isa = PBXBuildFile; fileRef = 29A3A02B202522E900118867 /* Main.storyboard */; };
		29A3A030202522E900118867 /* ThatsMyJam.xcdatamodeld in Sources */ = {isa = PBXBuildFile; fileRef = 29A3A02E202522E900118867 /* ThatsMyJam.xcdatamodeld */; };
		29A3A032202522E900118867 /* Assets.xcassets in Resources */ = {isa = PBXBuildFile; fileRef = 29A3A031202522E900118867 /* Assets.xcassets */; };
		29A3A035202522E900118867 /* LaunchScreen.storyboard in Resources */ = {isa = PBXBuildFile; fileRef = 29A3A033202522E900118867 /* LaunchScreen.storyboard */; };
		29A3A040202522E900118867 /* ThatsMyJamTests.swift in Sources */ = {isa = PBXBuildFile; fileRef = 29A3A03F202522E900118867 /* ThatsMyJamTests.swift */; };
		29A3A0512025240400118867 /* MediaManager.swift in Sources */ = {isa = PBXBuildFile; fileRef = 29A3A0502025240400118867 /* MediaManager.swift */; };
		29A3A0522025240400118867 /* MediaManager.swift in Sources */ = {isa = PBXBuildFile; fileRef = 29A3A0502025240400118867 /* MediaManager.swift */; };
		29CB7C05205A37A900696357 /* RequestReview.swift in Sources */ = {isa = PBXBuildFile; fileRef = 29CB7C04205A37A900696357 /* RequestReview.swift */; };
		29CB7C06205A37A900696357 /* RequestReview.swift in Sources */ = {isa = PBXBuildFile; fileRef = 29CB7C04205A37A900696357 /* RequestReview.swift */; };
		B16DC1FAC1ECE4922434174E /* Pods_ThatsMyJam.framework in Frameworks */ = {isa = PBXBuildFile; fileRef = A645321C3C91BA2077AE8CE0 /* Pods_ThatsMyJam.framework */; };
/* End PBXBuildFile section */

/* Begin PBXContainerItemProxy section */
		29A3A03C202522E900118867 /* PBXContainerItemProxy */ = {
			isa = PBXContainerItemProxy;
			containerPortal = 29A3A01C202522E900118867 /* Project object */;
			proxyType = 1;
			remoteGlobalIDString = 29A3A023202522E900118867;
			remoteInfo = ThatsMyJam;
		};
/* End PBXContainerItemProxy section */

/* Begin PBXFileReference section */
		0E898F2C06109C0F215828DD /* Pods-ThatsMyJam.debug.xcconfig */ = {isa = PBXFileReference; includeInIndex = 1; lastKnownFileType = text.xcconfig; name = "Pods-ThatsMyJam.debug.xcconfig"; path = "Pods/Target Support Files/Pods-ThatsMyJam/Pods-ThatsMyJam.debug.xcconfig"; sourceTree = "<group>"; };
		290070C7202529100054A0C2 /* GoogleService-Info.plist */ = {isa = PBXFileReference; fileEncoding = 4; lastKnownFileType = text.plist.xml; path = "GoogleService-Info.plist"; sourceTree = "<group>"; };
		2933FB26205F209100EC7343 /* es */ = {isa = PBXFileReference; lastKnownFileType = text.plist.strings; name = es; path = es.lproj/Localizable.strings; sourceTree = "<group>"; };
		2933FB28205F20A300EC7343 /* de */ = {isa = PBXFileReference; lastKnownFileType = text.plist.strings; name = de; path = de.lproj/Localizable.strings; sourceTree = "<group>"; };
		2933FB29205F20A500EC7343 /* fr */ = {isa = PBXFileReference; lastKnownFileType = text.plist.strings; name = fr; path = fr.lproj/Localizable.strings; sourceTree = "<group>"; };
		2933FB2A205F20A600EC7343 /* it */ = {isa = PBXFileReference; lastKnownFileType = text.plist.strings; name = it; path = it.lproj/Localizable.strings; sourceTree = "<group>"; };
		2933FB2B205F20A700EC7343 /* ko */ = {isa = PBXFileReference; lastKnownFileType = text.plist.strings; name = ko; path = ko.lproj/Localizable.strings; sourceTree = "<group>"; };
		2933FB2C205F20A800EC7343 /* ru */ = {isa = PBXFileReference; lastKnownFileType = text.plist.strings; name = ru; path = ru.lproj/Localizable.strings; sourceTree = "<group>"; };
		2933FB2D205F20A900EC7343 /* ja */ = {isa = PBXFileReference; lastKnownFileType = text.plist.strings; name = ja; path = ja.lproj/Localizable.strings; sourceTree = "<group>"; };
		2933FB2E205F20AA00EC7343 /* zh-Hans */ = {isa = PBXFileReference; lastKnownFileType = text.plist.strings; name = "zh-Hans"; path = "zh-Hans.lproj/Localizable.strings"; sourceTree = "<group>"; };
		2933FB2F205F20AC00EC7343 /* zh-Hant */ = {isa = PBXFileReference; lastKnownFileType = text.plist.strings; name = "zh-Hant"; path = "zh-Hant.lproj/Localizable.strings"; sourceTree = "<group>"; };
		2943999D206203F6005FBD99 /* StoryboardKeys.swift */ = {isa = PBXFileReference; lastKnownFileType = sourcecode.swift; path = StoryboardKeys.swift; sourceTree = "<group>"; };
		294399A02062057B005FBD99 /* FeedbackViewController.swift */ = {isa = PBXFileReference; lastKnownFileType = sourcecode.swift; path = FeedbackViewController.swift; sourceTree = "<group>"; };
		294399A220620747005FBD99 /* Keys.plist */ = {isa = PBXFileReference; fileEncoding = 4; lastKnownFileType = text.plist.xml; path = Keys.plist; sourceTree = "<group>"; };
		295AFDD62061F4CC00C04DD4 /* AcknowledgementsViewController.swift */ = {isa = PBXFileReference; lastKnownFileType = sourcecode.swift; path = AcknowledgementsViewController.swift; sourceTree = "<group>"; };
		295AFDD82061F4F400C04DD4 /* AcknowledgementsViewModel.swift */ = {isa = PBXFileReference; lastKnownFileType = sourcecode.swift; path = AcknowledgementsViewModel.swift; sourceTree = "<group>"; };
		295AFDDC2061F52800C04DD4 /* Library.swift */ = {isa = PBXFileReference; lastKnownFileType = sourcecode.swift; path = Library.swift; sourceTree = "<group>"; };
		295AFDDF2061F56000C04DD4 /* LegalViewController.swift */ = {isa = PBXFileReference; lastKnownFileType = sourcecode.swift; path = LegalViewController.swift; sourceTree = "<group>"; };
		295AFDE22061F59700C04DD4 /* UIViewController+Extensions.swift */ = {isa = PBXFileReference; lastKnownFileType = sourcecode.swift; path = "UIViewController+Extensions.swift"; sourceTree = "<group>"; };
		295AFDE52061F60300C04DD4 /* AcknowledgementsTableViewCell.swift */ = {isa = PBXFileReference; lastKnownFileType = sourcecode.swift; path = AcknowledgementsTableViewCell.swift; sourceTree = "<group>"; };
		2990C69B206223EA005F1825 /* Pods-ThatsMyJam-acknowledgements.plist */ = {isa = PBXFileReference; fileEncoding = 4; lastKnownFileType = text.plist.xml; path = "Pods-ThatsMyJam-acknowledgements.plist"; sourceTree = "<group>"; };
		2990D800202525FA0090E18C /* UIView+Extensions.swift */ = {isa = PBXFileReference; lastKnownFileType = sourcecode.swift; path = "UIView+Extensions.swift"; sourceTree = "<group>"; };
		2990D8022025260E0090E18C /* Sequence+Extensions.swift */ = {isa = PBXFileReference; lastKnownFileType = sourcecode.swift; path = "Sequence+Extensions.swift"; sourceTree = "<group>"; };
		2990D8042025261F0090E18C /* MutableCollection+Extensions.swift */ = {isa = PBXFileReference; lastKnownFileType = sourcecode.swift; path = "MutableCollection+Extensions.swift"; sourceTree = "<group>"; };
		2991FD6820621B180056D91B /* Settings.bundle */ = {isa = PBXFileReference; lastKnownFileType = "wrapper.plug-in"; path = Settings.bundle; sourceTree = "<group>"; };
		2994BBF620620960006FC966 /* SettingsViewController.swift */ = {isa = PBXFileReference; lastKnownFileType = sourcecode.swift; path = SettingsViewController.swift; sourceTree = "<group>"; };
		2994BBF820620C30006FC966 /* MediaPlayerViewController.swift */ = {isa = PBXFileReference; lastKnownFileType = sourcecode.swift; path = MediaPlayerViewController.swift; sourceTree = "<group>"; };
		29A3A024202522E900118867 /* ThatsMyJam.app */ = {isa = PBXFileReference; explicitFileType = wrapper.application; includeInIndex = 0; path = ThatsMyJam.app; sourceTree = BUILT_PRODUCTS_DIR; };
		29A3A027202522E900118867 /* AppDelegate.swift */ = {isa = PBXFileReference; lastKnownFileType = sourcecode.swift; path = AppDelegate.swift; sourceTree = "<group>"; };
		29A3A02C202522E900118867 /* Base */ = {isa = PBXFileReference; lastKnownFileType = file.storyboard; name = Base; path = Base.lproj/Main.storyboard; sourceTree = "<group>"; };
		29A3A02F202522E900118867 /* ThatsMyJam.xcdatamodel */ = {isa = PBXFileReference; lastKnownFileType = wrapper.xcdatamodel; path = ThatsMyJam.xcdatamodel; sourceTree = "<group>"; };
		29A3A031202522E900118867 /* Assets.xcassets */ = {isa = PBXFileReference; lastKnownFileType = folder.assetcatalog; path = Assets.xcassets; sourceTree = "<group>"; };
		29A3A034202522E900118867 /* Base */ = {isa = PBXFileReference; lastKnownFileType = file.storyboard; name = Base; path = Base.lproj/LaunchScreen.storyboard; sourceTree = "<group>"; };
		29A3A036202522E900118867 /* Info.plist */ = {isa = PBXFileReference; lastKnownFileType = text.plist.xml; path = Info.plist; sourceTree = "<group>"; };
		29A3A03B202522E900118867 /* ThatsMyJamTests.xctest */ = {isa = PBXFileReference; explicitFileType = wrapper.cfbundle; includeInIndex = 0; path = ThatsMyJamTests.xctest; sourceTree = BUILT_PRODUCTS_DIR; };
		29A3A03F202522E900118867 /* ThatsMyJamTests.swift */ = {isa = PBXFileReference; lastKnownFileType = sourcecode.swift; path = ThatsMyJamTests.swift; sourceTree = "<group>"; };
		29A3A041202522E900118867 /* Info.plist */ = {isa = PBXFileReference; lastKnownFileType = text.plist.xml; path = Info.plist; sourceTree = "<group>"; };
		29A3A0502025240400118867 /* MediaManager.swift */ = {isa = PBXFileReference; lastKnownFileType = sourcecode.swift; path = MediaManager.swift; sourceTree = "<group>"; };
		29C09C43205DE5A8003E5158 /* de */ = {isa = PBXFileReference; lastKnownFileType = text.plist.strings; name = de; path = de.lproj/Main.strings; sourceTree = "<group>"; };
		29C09C44205DE5A8003E5158 /* de */ = {isa = PBXFileReference; lastKnownFileType = text.plist.strings; name = de; path = de.lproj/LaunchScreen.strings; sourceTree = "<group>"; };
		29C09C45205DE5B7003E5158 /* fr */ = {isa = PBXFileReference; lastKnownFileType = text.plist.strings; name = fr; path = fr.lproj/Main.strings; sourceTree = "<group>"; };
		29C09C46205DE5B7003E5158 /* fr */ = {isa = PBXFileReference; lastKnownFileType = text.plist.strings; name = fr; path = fr.lproj/LaunchScreen.strings; sourceTree = "<group>"; };
		29C09C47205DE5C6003E5158 /* it */ = {isa = PBXFileReference; lastKnownFileType = text.plist.strings; name = it; path = it.lproj/Main.strings; sourceTree = "<group>"; };
		29C09C48205DE5C7003E5158 /* it */ = {isa = PBXFileReference; lastKnownFileType = text.plist.strings; name = it; path = it.lproj/LaunchScreen.strings; sourceTree = "<group>"; };
		29C09C49205DE5CE003E5158 /* ko */ = {isa = PBXFileReference; lastKnownFileType = text.plist.strings; name = ko; path = ko.lproj/Main.strings; sourceTree = "<group>"; };
		29C09C4A205DE5CE003E5158 /* ko */ = {isa = PBXFileReference; lastKnownFileType = text.plist.strings; name = ko; path = ko.lproj/LaunchScreen.strings; sourceTree = "<group>"; };
		29C09C4B205DE5D6003E5158 /* ru */ = {isa = PBXFileReference; lastKnownFileType = text.plist.strings; name = ru; path = ru.lproj/Main.strings; sourceTree = "<group>"; };
		29C09C4C205DE5D6003E5158 /* ru */ = {isa = PBXFileReference; lastKnownFileType = text.plist.strings; name = ru; path = ru.lproj/LaunchScreen.strings; sourceTree = "<group>"; };
		29C09C4D205DE5EA003E5158 /* ja */ = {isa = PBXFileReference; lastKnownFileType = text.plist.strings; name = ja; path = ja.lproj/Main.strings; sourceTree = "<group>"; };
		29C09C4E205DE5EA003E5158 /* ja */ = {isa = PBXFileReference; lastKnownFileType = text.plist.strings; name = ja; path = ja.lproj/LaunchScreen.strings; sourceTree = "<group>"; };
		29C09C4F205DE6F9003E5158 /* zh-Hans */ = {isa = PBXFileReference; lastKnownFileType = text.plist.strings; name = "zh-Hans"; path = "zh-Hans.lproj/Main.strings"; sourceTree = "<group>"; };
		29C09C50205DE6F9003E5158 /* zh-Hans */ = {isa = PBXFileReference; lastKnownFileType = text.plist.strings; name = "zh-Hans"; path = "zh-Hans.lproj/LaunchScreen.strings"; sourceTree = "<group>"; };
		29C09C51205DE730003E5158 /* zh-Hant */ = {isa = PBXFileReference; lastKnownFileType = text.plist.strings; name = "zh-Hant"; path = "zh-Hant.lproj/Main.strings"; sourceTree = "<group>"; };
		29C09C52205DE730003E5158 /* zh-Hant */ = {isa = PBXFileReference; lastKnownFileType = text.plist.strings; name = "zh-Hant"; path = "zh-Hant.lproj/LaunchScreen.strings"; sourceTree = "<group>"; };
		29CB7C04205A37A900696357 /* RequestReview.swift */ = {isa = PBXFileReference; lastKnownFileType = sourcecode.swift; path = RequestReview.swift; sourceTree = "<group>"; };
		29F0DE14206469480046960B /* AdSupport.framework */ = {isa = PBXFileReference; lastKnownFileType = wrapper.framework; name = AdSupport.framework; path = System/Library/Frameworks/AdSupport.framework; sourceTree = SDKROOT; };
		29F1FCA9205DDBEF0043364B /* en */ = {isa = PBXFileReference; lastKnownFileType = text.plist.strings; name = en; path = en.lproj/Main.strings; sourceTree = "<group>"; };
		29F1FCAA205DDC290043364B /* es */ = {isa = PBXFileReference; lastKnownFileType = text.plist.strings; name = es; path = es.lproj/Main.strings; sourceTree = "<group>"; };
		29F1FCAB205DDC2A0043364B /* es */ = {isa = PBXFileReference; lastKnownFileType = text.plist.strings; name = es; path = es.lproj/LaunchScreen.strings; sourceTree = "<group>"; };
		2F8682BE3DA2F11CEE1D5EA5 /* Pods-ThatsMyJamTests.debug.xcconfig */ = {isa = PBXFileReference; includeInIndex = 1; lastKnownFileType = text.xcconfig; name = "Pods-ThatsMyJamTests.debug.xcconfig"; path = "Pods/Target Support Files/Pods-ThatsMyJamTests/Pods-ThatsMyJamTests.debug.xcconfig"; sourceTree = "<group>"; };
		58EF45B95F707500CAABFCF0 /* Pods_ThatsMyJamTests.framework */ = {isa = PBXFileReference; explicitFileType = wrapper.framework; includeInIndex = 0; path = Pods_ThatsMyJamTests.framework; sourceTree = BUILT_PRODUCTS_DIR; };
		9695E006F660BFCCF9C68971 /* Pods-ThatsMyJamTests.release.xcconfig */ = {isa = PBXFileReference; includeInIndex = 1; lastKnownFileType = text.xcconfig; name = "Pods-ThatsMyJamTests.release.xcconfig"; path = "Pods/Target Support Files/Pods-ThatsMyJamTests/Pods-ThatsMyJamTests.release.xcconfig"; sourceTree = "<group>"; };
		A645321C3C91BA2077AE8CE0 /* Pods_ThatsMyJam.framework */ = {isa = PBXFileReference; explicitFileType = wrapper.framework; includeInIndex = 0; path = Pods_ThatsMyJam.framework; sourceTree = BUILT_PRODUCTS_DIR; };
		FA037383E2C92440F3BBA5AB /* Pods-ThatsMyJam.release.xcconfig */ = {isa = PBXFileReference; includeInIndex = 1; lastKnownFileType = text.xcconfig; name = "Pods-ThatsMyJam.release.xcconfig"; path = "Pods/Target Support Files/Pods-ThatsMyJam/Pods-ThatsMyJam.release.xcconfig"; sourceTree = "<group>"; };
/* End PBXFileReference section */

/* Begin PBXFrameworksBuildPhase section */
		29A3A021202522E900118867 /* Frameworks */ = {
			isa = PBXFrameworksBuildPhase;
			buildActionMask = 2147483647;
			files = (
				B16DC1FAC1ECE4922434174E /* Pods_ThatsMyJam.framework in Frameworks */,
			);
			runOnlyForDeploymentPostprocessing = 0;
		};
		29A3A038202522E900118867 /* Frameworks */ = {
			isa = PBXFrameworksBuildPhase;
			buildActionMask = 2147483647;
			files = (
				283D87E86C2F621DE8EDBF93 /* Pods_ThatsMyJamTests.framework in Frameworks */,
			);
			runOnlyForDeploymentPostprocessing = 0;
		};
/* End PBXFrameworksBuildPhase section */

/* Begin PBXGroup section */
		1414085DDC0EA4FFAED01033 /* Frameworks */ = {
			isa = PBXGroup;
			children = (
				29F0DE14206469480046960B /* AdSupport.framework */,
				A645321C3C91BA2077AE8CE0 /* Pods_ThatsMyJam.framework */,
				58EF45B95F707500CAABFCF0 /* Pods_ThatsMyJamTests.framework */,
			);
			name = Frameworks;
			sourceTree = "<group>";
		};
		2943999F20620400005FBD99 /* Constants */ = {
			isa = PBXGroup;
			children = (
				2943999D206203F6005FBD99 /* StoryboardKeys.swift */,
			);
			path = Constants;
			sourceTree = "<group>";
		};
		295AFDDB2061F50100C04DD4 /* Acknowledgements */ = {
			isa = PBXGroup;
			children = (
				295AFDE52061F60300C04DD4 /* AcknowledgementsTableViewCell.swift */,
				295AFDD82061F4F400C04DD4 /* AcknowledgementsViewModel.swift */,
				295AFDDC2061F52800C04DD4 /* Library.swift */,
				2990C69B206223EA005F1825 /* Pods-ThatsMyJam-acknowledgements.plist */,
			);
			path = Acknowledgements;
			sourceTree = "<group>";
		};
		29A3A01B202522E900118867 = {
			isa = PBXGroup;
			children = (
				2991FD6820621B180056D91B /* Settings.bundle */,
				29A3A026202522E900118867 /* ThatsMyJam */,
				29A3A03E202522E900118867 /* ThatsMyJamTests */,
				29A3A025202522E900118867 /* Products */,
				490D40A6EE5FA38BAC34B870 /* Pods */,
				1414085DDC0EA4FFAED01033 /* Frameworks */,
			);
			sourceTree = "<group>";
		};
		29A3A025202522E900118867 /* Products */ = {
			isa = PBXGroup;
			children = (
				29A3A024202522E900118867 /* ThatsMyJam.app */,
				29A3A03B202522E900118867 /* ThatsMyJamTests.xctest */,
			);
			name = Products;
			sourceTree = "<group>";
		};
		29A3A026202522E900118867 /* ThatsMyJam */ = {
			isa = PBXGroup;
			children = (
				29A3A04E2025238B00118867 /* Model */,
				29A3A04D2025238900118867 /* View */,
				29A3A04C2025238700118867 /* Controller */,
				29A3A04B2025238500118867 /* Extensions */,
				2943999F20620400005FBD99 /* Constants */,
				29A3A04A2025238300118867 /* SupportingFiles */,
			);
			path = ThatsMyJam;
			sourceTree = "<group>";
		};
		29A3A03E202522E900118867 /* ThatsMyJamTests */ = {
			isa = PBXGroup;
			children = (
				29A3A03F202522E900118867 /* ThatsMyJamTests.swift */,
				29A3A041202522E900118867 /* Info.plist */,
			);
			path = ThatsMyJamTests;
			sourceTree = "<group>";
		};
		29A3A04A2025238300118867 /* SupportingFiles */ = {
			isa = PBXGroup;
			children = (
				29A3A027202522E900118867 /* AppDelegate.swift */,
				29A3A031202522E900118867 /* Assets.xcassets */,
				29A3A033202522E900118867 /* LaunchScreen.storyboard */,
				29A3A036202522E900118867 /* Info.plist */,
				290070C7202529100054A0C2 /* GoogleService-Info.plist */,
				294399A220620747005FBD99 /* Keys.plist */,
			);
			path = SupportingFiles;
			sourceTree = "<group>";
		};
		29A3A04B2025238500118867 /* Extensions */ = {
			isa = PBXGroup;
			children = (
				2990D800202525FA0090E18C /* UIView+Extensions.swift */,
				2990D8022025260E0090E18C /* Sequence+Extensions.swift */,
				2990D8042025261F0090E18C /* MutableCollection+Extensions.swift */,
				295AFDE22061F59700C04DD4 /* UIViewController+Extensions.swift */,
			);
			path = Extensions;
			sourceTree = "<group>";
		};
		29A3A04C2025238700118867 /* Controller */ = {
			isa = PBXGroup;
			children = (
				2994BBF820620C30006FC966 /* MediaPlayerViewController.swift */,
				2994BBF620620960006FC966 /* SettingsViewController.swift */,
				295AFDD62061F4CC00C04DD4 /* AcknowledgementsViewController.swift */,
				295AFDDB2061F50100C04DD4 /* Acknowledgements */,
				295AFDDF2061F56000C04DD4 /* LegalViewController.swift */,
				294399A02062057B005FBD99 /* FeedbackViewController.swift */,
			);
			path = Controller;
			sourceTree = "<group>";
		};
		29A3A04D2025238900118867 /* View */ = {
			isa = PBXGroup;
			children = (
				29A3A02B202522E900118867 /* Main.storyboard */,
			);
			path = View;
			sourceTree = "<group>";
		};
		29A3A04E2025238B00118867 /* Model */ = {
			isa = PBXGroup;
			children = (
				29A3A04F202523DE00118867 /* CoreData */,
				29A3A0502025240400118867 /* MediaManager.swift */,
				29CB7C04205A37A900696357 /* RequestReview.swift */,
				2933FB27205F209100EC7343 /* Localizable.strings */,
			);
			path = Model;
			sourceTree = "<group>";
		};
		29A3A04F202523DE00118867 /* CoreData */ = {
			isa = PBXGroup;
			children = (
				29A3A02E202522E900118867 /* ThatsMyJam.xcdatamodeld */,
			);
			path = CoreData;
			sourceTree = "<group>";
		};
		490D40A6EE5FA38BAC34B870 /* Pods */ = {
			isa = PBXGroup;
			children = (
				0E898F2C06109C0F215828DD /* Pods-ThatsMyJam.debug.xcconfig */,
				FA037383E2C92440F3BBA5AB /* Pods-ThatsMyJam.release.xcconfig */,
				2F8682BE3DA2F11CEE1D5EA5 /* Pods-ThatsMyJamTests.debug.xcconfig */,
				9695E006F660BFCCF9C68971 /* Pods-ThatsMyJamTests.release.xcconfig */,
			);
			name = Pods;
			sourceTree = "<group>";
		};
/* End PBXGroup section */

/* Begin PBXNativeTarget section */
		29A3A023202522E900118867 /* ThatsMyJam */ = {
			isa = PBXNativeTarget;
			buildConfigurationList = 29A3A044202522E900118867 /* Build configuration list for PBXNativeTarget "ThatsMyJam" */;
			buildPhases = (
				F1B0C1690D59205BC1F18939 /* [CP] Check Pods Manifest.lock */,
				29A3A020202522E900118867 /* Sources */,
				29A3A021202522E900118867 /* Frameworks */,
				29A3A022202522E900118867 /* Resources */,
				296B61C620252CA400627E41 /* ShellScript */,
				295DF52420AA03CF00A770EB /* ShellScript */,
				5A57CC72462396792CDEE491 /* [CP] Embed Pods Frameworks */,
			);
			buildRules = (
			);
			dependencies = (
			);
			name = ThatsMyJam;
			productName = ThatsMyJam;
			productReference = 29A3A024202522E900118867 /* ThatsMyJam.app */;
			productType = "com.apple.product-type.application";
		};
		29A3A03A202522E900118867 /* ThatsMyJamTests */ = {
			isa = PBXNativeTarget;
			buildConfigurationList = 29A3A047202522E900118867 /* Build configuration list for PBXNativeTarget "ThatsMyJamTests" */;
			buildPhases = (
				9D8CD639D44B6AF4096A1755 /* [CP] Check Pods Manifest.lock */,
				29A3A037202522E900118867 /* Sources */,
				29A3A038202522E900118867 /* Frameworks */,
				29A3A039202522E900118867 /* Resources */,
			);
			buildRules = (
			);
			dependencies = (
				29A3A03D202522E900118867 /* PBXTargetDependency */,
			);
			name = ThatsMyJamTests;
			productName = ThatsMyJamTests;
			productReference = 29A3A03B202522E900118867 /* ThatsMyJamTests.xctest */;
			productType = "com.apple.product-type.bundle.unit-test";
		};
/* End PBXNativeTarget section */

/* Begin PBXProject section */
		29A3A01C202522E900118867 /* Project object */ = {
			isa = PBXProject;
			attributes = {
				LastSwiftUpdateCheck = 0920;
				LastUpgradeCheck = 0930;
				ORGANIZATIONNAME = "Matthew Howes Singleton";
				TargetAttributes = {
					29A3A023202522E900118867 = {
						CreatedOnToolsVersion = 9.2;
						ProvisioningStyle = Automatic;
						SystemCapabilities = {
							com.apple.BackgroundModes = {
								enabled = 1;
							};
						};
					};
					29A3A03A202522E900118867 = {
						CreatedOnToolsVersion = 9.2;
						ProvisioningStyle = Automatic;
						TestTargetID = 29A3A023202522E900118867;
					};
				};
			};
			buildConfigurationList = 29A3A01F202522E900118867 /* Build configuration list for PBXProject "ThatsMyJam" */;
			compatibilityVersion = "Xcode 8.0";
			developmentRegion = en;
			hasScannedForEncodings = 0;
			knownRegions = (
				en,
				Base,
				de,
				fr,
				it,
				ko,
				ru,
				ja,
				"zh-Hans",
				"zh-Hant",
			);
			mainGroup = 29A3A01B202522E900118867;
			productRefGroup = 29A3A025202522E900118867 /* Products */;
			projectDirPath = "";
			projectRoot = "";
			targets = (
				29A3A023202522E900118867 /* ThatsMyJam */,
				29A3A03A202522E900118867 /* ThatsMyJamTests */,
			);
		};
/* End PBXProject section */

/* Begin PBXResourcesBuildPhase section */
		29A3A022202522E900118867 /* Resources */ = {
			isa = PBXResourcesBuildPhase;
			buildActionMask = 2147483647;
			files = (
				2991FD6920621B180056D91B /* Settings.bundle in Resources */,
				2933FB25205F209100EC7343 /* Localizable.strings in Resources */,
				29A3A035202522E900118867 /* LaunchScreen.storyboard in Resources */,
				290070C8202529100054A0C2 /* GoogleService-Info.plist in Resources */,
				294399A320620747005FBD99 /* Keys.plist in Resources */,
				2990C69C206223EA005F1825 /* Pods-ThatsMyJam-acknowledgements.plist in Resources */,
				29A3A032202522E900118867 /* Assets.xcassets in Resources */,
				29A3A02D202522E900118867 /* Main.storyboard in Resources */,
			);
			runOnlyForDeploymentPostprocessing = 0;
		};
		29A3A039202522E900118867 /* Resources */ = {
			isa = PBXResourcesBuildPhase;
			buildActionMask = 2147483647;
			files = (
				2994BBFB20620ED1006FC966 /* Main.storyboard in Resources */,
			);
			runOnlyForDeploymentPostprocessing = 0;
		};
/* End PBXResourcesBuildPhase section */

/* Begin PBXShellScriptBuildPhase section */
		295DF52420AA03CF00A770EB /* ShellScript */ = {
			isa = PBXShellScriptBuildPhase;
			buildActionMask = 8;
			files = (
			);
			inputPaths = (
			);
			outputPaths = (
			);
			runOnlyForDeploymentPostprocessing = 1;
			shellPath = /bin/sh;
			shellScript = "\"${PODS_ROOT}/Fabric/upload-symbols\" -gsp \"${PROJECT_DIR}/GoogleService-Info.plist\" -p ios \"${DWARF_DSYM_FOLDER_PATH}/${DWARF_DSYM_FILE_NAME}\"";
		};
		296B61C620252CA400627E41 /* ShellScript */ = {
			isa = PBXShellScriptBuildPhase;
			buildActionMask = 2147483647;
			files = (
			);
			inputPaths = (
			);
			outputPaths = (
			);
			runOnlyForDeploymentPostprocessing = 0;
			shellPath = /bin/sh;
			shellScript = "\"${PODS_ROOT}/Fabric/run\" 3605c744e15ddf7d8ef099f0020dfcdd2e2abd5c 7bf7613729d303dcf6eda216f60fde4100191c032181ca9d63ffb7b2533bc45a";
		};
		5A57CC72462396792CDEE491 /* [CP] Embed Pods Frameworks */ = {
			isa = PBXShellScriptBuildPhase;
			buildActionMask = 2147483647;
			files = (
			);
			inputPaths = (
				"${SRCROOT}/Pods/Target Support Files/Pods-ThatsMyJam/Pods-ThatsMyJam-frameworks.sh",
				"${BUILT_PRODUCTS_DIR}/AFNetworking/AFNetworking.framework",
				"${BUILT_PRODUCTS_DIR}/GTMSessionFetcher/GTMSessionFetcher.framework",
				"${BUILT_PRODUCTS_DIR}/GoogleToolboxForMac/GoogleToolboxForMac.framework",
				"${BUILT_PRODUCTS_DIR}/GoogleUtilities/GoogleUtilities.framework",
				"${BUILT_PRODUCTS_DIR}/Protobuf/Protobuf.framework",
				"${BUILT_PRODUCTS_DIR}/UITextView+Placeholder/UITextView_Placeholder.framework",
				"${BUILT_PRODUCTS_DIR}/mailgun/mailgun.framework",
				"${BUILT_PRODUCTS_DIR}/nanopb/nanopb.framework",
			);
			name = "[CP] Embed Pods Frameworks";
			outputPaths = (
				"${TARGET_BUILD_DIR}/${FRAMEWORKS_FOLDER_PATH}/AFNetworking.framework",
				"${TARGET_BUILD_DIR}/${FRAMEWORKS_FOLDER_PATH}/GTMSessionFetcher.framework",
				"${TARGET_BUILD_DIR}/${FRAMEWORKS_FOLDER_PATH}/GoogleToolboxForMac.framework",
				"${TARGET_BUILD_DIR}/${FRAMEWORKS_FOLDER_PATH}/GoogleUtilities.framework",
				"${TARGET_BUILD_DIR}/${FRAMEWORKS_FOLDER_PATH}/Protobuf.framework",
				"${TARGET_BUILD_DIR}/${FRAMEWORKS_FOLDER_PATH}/UITextView_Placeholder.framework",
				"${TARGET_BUILD_DIR}/${FRAMEWORKS_FOLDER_PATH}/mailgun.framework",
				"${TARGET_BUILD_DIR}/${FRAMEWORKS_FOLDER_PATH}/nanopb.framework",
			);
			runOnlyForDeploymentPostprocessing = 0;
			shellPath = /bin/sh;
			shellScript = "\"${SRCROOT}/Pods/Target Support Files/Pods-ThatsMyJam/Pods-ThatsMyJam-frameworks.sh\"\n";
			showEnvVarsInLog = 0;
		};
		9D8CD639D44B6AF4096A1755 /* [CP] Check Pods Manifest.lock */ = {
			isa = PBXShellScriptBuildPhase;
			buildActionMask = 2147483647;
			files = (
			);
			inputPaths = (
				"${PODS_PODFILE_DIR_PATH}/Podfile.lock",
				"${PODS_ROOT}/Manifest.lock",
			);
			name = "[CP] Check Pods Manifest.lock";
			outputPaths = (
				"$(DERIVED_FILE_DIR)/Pods-ThatsMyJamTests-checkManifestLockResult.txt",
			);
			runOnlyForDeploymentPostprocessing = 0;
			shellPath = /bin/sh;
			shellScript = "diff \"${PODS_PODFILE_DIR_PATH}/Podfile.lock\" \"${PODS_ROOT}/Manifest.lock\" > /dev/null\nif [ $? != 0 ] ; then\n    # print error to STDERR\n    echo \"error: The sandbox is not in sync with the Podfile.lock. Run 'pod install' or update your CocoaPods installation.\" >&2\n    exit 1\nfi\n# This output is used by Xcode 'outputs' to avoid re-running this script phase.\necho \"SUCCESS\" > \"${SCRIPT_OUTPUT_FILE_0}\"\n";
			showEnvVarsInLog = 0;
		};
		F1B0C1690D59205BC1F18939 /* [CP] Check Pods Manifest.lock */ = {
			isa = PBXShellScriptBuildPhase;
			buildActionMask = 2147483647;
			files = (
			);
			inputPaths = (
				"${PODS_PODFILE_DIR_PATH}/Podfile.lock",
				"${PODS_ROOT}/Manifest.lock",
			);
			name = "[CP] Check Pods Manifest.lock";
			outputPaths = (
				"$(DERIVED_FILE_DIR)/Pods-ThatsMyJam-checkManifestLockResult.txt",
			);
			runOnlyForDeploymentPostprocessing = 0;
			shellPath = /bin/sh;
			shellScript = "diff \"${PODS_PODFILE_DIR_PATH}/Podfile.lock\" \"${PODS_ROOT}/Manifest.lock\" > /dev/null\nif [ $? != 0 ] ; then\n    # print error to STDERR\n    echo \"error: The sandbox is not in sync with the Podfile.lock. Run 'pod install' or update your CocoaPods installation.\" >&2\n    exit 1\nfi\n# This output is used by Xcode 'outputs' to avoid re-running this script phase.\necho \"SUCCESS\" > \"${SCRIPT_OUTPUT_FILE_0}\"\n";
			showEnvVarsInLog = 0;
		};
/* End PBXShellScriptBuildPhase section */

/* Begin PBXSourcesBuildPhase section */
		29A3A020202522E900118867 /* Sources */ = {
			isa = PBXSourcesBuildPhase;
			buildActionMask = 2147483647;
			files = (
				2990D8052025261F0090E18C /* MutableCollection+Extensions.swift in Sources */,
				29CB7C05205A37A900696357 /* RequestReview.swift in Sources */,
				294399A12062057B005FBD99 /* FeedbackViewController.swift in Sources */,
				2990D8032025260E0090E18C /* Sequence+Extensions.swift in Sources */,
				295AFDE02061F56000C04DD4 /* LegalViewController.swift in Sources */,
				2943999E206203F6005FBD99 /* StoryboardKeys.swift in Sources */,
				29A3A030202522E900118867 /* ThatsMyJam.xcdatamodeld in Sources */,
				295AFDDD2061F52800C04DD4 /* Library.swift in Sources */,
				295AFDD72061F4CC00C04DD4 /* AcknowledgementsViewController.swift in Sources */,
				2994BBF920620C30006FC966 /* MediaPlayerViewController.swift in Sources */,
				29A3A0512025240400118867 /* MediaManager.swift in Sources */,
				2990D801202525FA0090E18C /* UIView+Extensions.swift in Sources */,
				295AFDE32061F59700C04DD4 /* UIViewController+Extensions.swift in Sources */,
				295AFDE62061F60300C04DD4 /* AcknowledgementsTableViewCell.swift in Sources */,
				29A3A028202522E900118867 /* AppDelegate.swift in Sources */,
				295AFDD92061F4F400C04DD4 /* AcknowledgementsViewModel.swift in Sources */,
				2994BBF720620960006FC966 /* SettingsViewController.swift in Sources */,
			);
			runOnlyForDeploymentPostprocessing = 0;
		};
		29A3A037202522E900118867 /* Sources */ = {
			isa = PBXSourcesBuildPhase;
			buildActionMask = 2147483647;
			files = (
				29A3A0522025240400118867 /* MediaManager.swift in Sources */,
				2994BBFA20620C30006FC966 /* MediaPlayerViewController.swift in Sources */,
				2994BC002062116F006FC966 /* StoryboardKeys.swift in Sources */,
				2994BBFF20621074006FC966 /* SettingsViewController.swift in Sources */,
				29CB7C06205A37A900696357 /* RequestReview.swift in Sources */,
				2994BC01206213E8006FC966 /* AcknowledgementsViewController.swift in Sources */,
				295AFDE72061F60300C04DD4 /* AcknowledgementsTableViewCell.swift in Sources */,
				295AFDE12061F56000C04DD4 /* LegalViewController.swift in Sources */,
				295AFDDA2061F4F400C04DD4 /* AcknowledgementsViewModel.swift in Sources */,
				295AFDE42061F59700C04DD4 /* UIViewController+Extensions.swift in Sources */,
				29A3A040202522E900118867 /* ThatsMyJamTests.swift in Sources */,
				295AFDDE2061F52800C04DD4 /* Library.swift in Sources */,
			);
			runOnlyForDeploymentPostprocessing = 0;
		};
/* End PBXSourcesBuildPhase section */

/* Begin PBXTargetDependency section */
		29A3A03D202522E900118867 /* PBXTargetDependency */ = {
			isa = PBXTargetDependency;
			target = 29A3A023202522E900118867 /* ThatsMyJam */;
			targetProxy = 29A3A03C202522E900118867 /* PBXContainerItemProxy */;
		};
/* End PBXTargetDependency section */

/* Begin PBXVariantGroup section */
		2933FB27205F209100EC7343 /* Localizable.strings */ = {
			isa = PBXVariantGroup;
			children = (
				2933FB26205F209100EC7343 /* es */,
				2933FB28205F20A300EC7343 /* de */,
				2933FB29205F20A500EC7343 /* fr */,
				2933FB2A205F20A600EC7343 /* it */,
				2933FB2B205F20A700EC7343 /* ko */,
				2933FB2C205F20A800EC7343 /* ru */,
				2933FB2D205F20A900EC7343 /* ja */,
				2933FB2E205F20AA00EC7343 /* zh-Hans */,
				2933FB2F205F20AC00EC7343 /* zh-Hant */,
			);
			name = Localizable.strings;
			sourceTree = "<group>";
		};
		29A3A02B202522E900118867 /* Main.storyboard */ = {
			isa = PBXVariantGroup;
			children = (
				29A3A02C202522E900118867 /* Base */,
				29F1FCA9205DDBEF0043364B /* en */,
				29F1FCAA205DDC290043364B /* es */,
				29C09C43205DE5A8003E5158 /* de */,
				29C09C45205DE5B7003E5158 /* fr */,
				29C09C47205DE5C6003E5158 /* it */,
				29C09C49205DE5CE003E5158 /* ko */,
				29C09C4B205DE5D6003E5158 /* ru */,
				29C09C4D205DE5EA003E5158 /* ja */,
				29C09C4F205DE6F9003E5158 /* zh-Hans */,
				29C09C51205DE730003E5158 /* zh-Hant */,
			);
			name = Main.storyboard;
			sourceTree = "<group>";
		};
		29A3A033202522E900118867 /* LaunchScreen.storyboard */ = {
			isa = PBXVariantGroup;
			children = (
				29A3A034202522E900118867 /* Base */,
				29F1FCAB205DDC2A0043364B /* es */,
				29C09C44205DE5A8003E5158 /* de */,
				29C09C46205DE5B7003E5158 /* fr */,
				29C09C48205DE5C7003E5158 /* it */,
				29C09C4A205DE5CE003E5158 /* ko */,
				29C09C4C205DE5D6003E5158 /* ru */,
				29C09C4E205DE5EA003E5158 /* ja */,
				29C09C50205DE6F9003E5158 /* zh-Hans */,
				29C09C52205DE730003E5158 /* zh-Hant */,
			);
			name = LaunchScreen.storyboard;
			sourceTree = "<group>";
		};
/* End PBXVariantGroup section */

/* Begin XCBuildConfiguration section */
		29A3A042202522E900118867 /* Debug */ = {
			isa = XCBuildConfiguration;
			buildSettings = {
				ALWAYS_SEARCH_USER_PATHS = NO;
				CLANG_ANALYZER_LOCALIZABILITY_NONLOCALIZED = YES;
				CLANG_ANALYZER_NONNULL = YES;
				CLANG_ANALYZER_NUMBER_OBJECT_CONVERSION = YES_AGGRESSIVE;
				CLANG_CXX_LANGUAGE_STANDARD = "gnu++14";
				CLANG_CXX_LIBRARY = "libc++";
				CLANG_ENABLE_MODULES = YES;
				CLANG_ENABLE_OBJC_ARC = YES;
				CLANG_WARN_BLOCK_CAPTURE_AUTORELEASING = YES;
				CLANG_WARN_BOOL_CONVERSION = YES;
				CLANG_WARN_COMMA = YES;
				CLANG_WARN_CONSTANT_CONVERSION = YES;
				CLANG_WARN_DEPRECATED_OBJC_IMPLEMENTATIONS = YES;
				CLANG_WARN_DIRECT_OBJC_ISA_USAGE = YES_ERROR;
				CLANG_WARN_DOCUMENTATION_COMMENTS = YES;
				CLANG_WARN_EMPTY_BODY = YES;
				CLANG_WARN_ENUM_CONVERSION = YES;
				CLANG_WARN_INFINITE_RECURSION = YES;
				CLANG_WARN_INT_CONVERSION = YES;
				CLANG_WARN_NON_LITERAL_NULL_CONVERSION = YES;
				CLANG_WARN_OBJC_IMPLICIT_RETAIN_SELF = YES;
				CLANG_WARN_OBJC_LITERAL_CONVERSION = YES;
				CLANG_WARN_OBJC_ROOT_CLASS = YES_ERROR;
				CLANG_WARN_RANGE_LOOP_ANALYSIS = YES;
				CLANG_WARN_STRICT_PROTOTYPES = YES;
				CLANG_WARN_SUSPICIOUS_MOVE = YES;
				CLANG_WARN_UNGUARDED_AVAILABILITY = YES_AGGRESSIVE;
				CLANG_WARN_UNREACHABLE_CODE = YES;
				CLANG_WARN__DUPLICATE_METHOD_MATCH = YES;
				CODE_SIGN_IDENTITY = "iPhone Developer";
				COPY_PHASE_STRIP = NO;
				DEBUG_INFORMATION_FORMAT = "dwarf-with-dsym";
				ENABLE_STRICT_OBJC_MSGSEND = YES;
				ENABLE_TESTABILITY = YES;
				GCC_C_LANGUAGE_STANDARD = gnu11;
				GCC_DYNAMIC_NO_PIC = NO;
				GCC_NO_COMMON_BLOCKS = YES;
				GCC_OPTIMIZATION_LEVEL = 0;
				GCC_PREPROCESSOR_DEFINITIONS = (
					"DEBUG=1",
					"$(inherited)",
				);
				GCC_WARN_64_TO_32_BIT_CONVERSION = YES;
				GCC_WARN_ABOUT_RETURN_TYPE = YES_ERROR;
				GCC_WARN_UNDECLARED_SELECTOR = YES;
				GCC_WARN_UNINITIALIZED_AUTOS = YES_AGGRESSIVE;
				GCC_WARN_UNUSED_FUNCTION = YES;
				GCC_WARN_UNUSED_VARIABLE = YES;
				IPHONEOS_DEPLOYMENT_TARGET = 12.0;
				MTL_ENABLE_DEBUG_INFO = YES;
				ONLY_ACTIVE_ARCH = YES;
				SDKROOT = iphoneos;
				SWIFT_ACTIVE_COMPILATION_CONDITIONS = DEBUG;
				SWIFT_OPTIMIZATION_LEVEL = "-Onone";
			};
			name = Debug;
		};
		29A3A043202522E900118867 /* Release */ = {
			isa = XCBuildConfiguration;
			buildSettings = {
				ALWAYS_SEARCH_USER_PATHS = NO;
				CLANG_ANALYZER_LOCALIZABILITY_NONLOCALIZED = YES;
				CLANG_ANALYZER_NONNULL = YES;
				CLANG_ANALYZER_NUMBER_OBJECT_CONVERSION = YES_AGGRESSIVE;
				CLANG_CXX_LANGUAGE_STANDARD = "gnu++14";
				CLANG_CXX_LIBRARY = "libc++";
				CLANG_ENABLE_MODULES = YES;
				CLANG_ENABLE_OBJC_ARC = YES;
				CLANG_WARN_BLOCK_CAPTURE_AUTORELEASING = YES;
				CLANG_WARN_BOOL_CONVERSION = YES;
				CLANG_WARN_COMMA = YES;
				CLANG_WARN_CONSTANT_CONVERSION = YES;
				CLANG_WARN_DEPRECATED_OBJC_IMPLEMENTATIONS = YES;
				CLANG_WARN_DIRECT_OBJC_ISA_USAGE = YES_ERROR;
				CLANG_WARN_DOCUMENTATION_COMMENTS = YES;
				CLANG_WARN_EMPTY_BODY = YES;
				CLANG_WARN_ENUM_CONVERSION = YES;
				CLANG_WARN_INFINITE_RECURSION = YES;
				CLANG_WARN_INT_CONVERSION = YES;
				CLANG_WARN_NON_LITERAL_NULL_CONVERSION = YES;
				CLANG_WARN_OBJC_IMPLICIT_RETAIN_SELF = YES;
				CLANG_WARN_OBJC_LITERAL_CONVERSION = YES;
				CLANG_WARN_OBJC_ROOT_CLASS = YES_ERROR;
				CLANG_WARN_RANGE_LOOP_ANALYSIS = YES;
				CLANG_WARN_STRICT_PROTOTYPES = YES;
				CLANG_WARN_SUSPICIOUS_MOVE = YES;
				CLANG_WARN_UNGUARDED_AVAILABILITY = YES_AGGRESSIVE;
				CLANG_WARN_UNREACHABLE_CODE = YES;
				CLANG_WARN__DUPLICATE_METHOD_MATCH = YES;
				CODE_SIGN_IDENTITY = "iPhone Developer";
				COPY_PHASE_STRIP = NO;
				DEBUG_INFORMATION_FORMAT = "dwarf-with-dsym";
				ENABLE_NS_ASSERTIONS = NO;
				ENABLE_STRICT_OBJC_MSGSEND = YES;
				GCC_C_LANGUAGE_STANDARD = gnu11;
				GCC_NO_COMMON_BLOCKS = YES;
				GCC_WARN_64_TO_32_BIT_CONVERSION = YES;
				GCC_WARN_ABOUT_RETURN_TYPE = YES_ERROR;
				GCC_WARN_UNDECLARED_SELECTOR = YES;
				GCC_WARN_UNINITIALIZED_AUTOS = YES_AGGRESSIVE;
				GCC_WARN_UNUSED_FUNCTION = YES;
				GCC_WARN_UNUSED_VARIABLE = YES;
				IPHONEOS_DEPLOYMENT_TARGET = 12.0;
				MTL_ENABLE_DEBUG_INFO = NO;
				SDKROOT = iphoneos;
				SWIFT_OPTIMIZATION_LEVEL = "-Owholemodule";
				VALIDATE_PRODUCT = YES;
			};
			name = Release;
		};
		29A3A045202522E900118867 /* Debug */ = {
			isa = XCBuildConfiguration;
			baseConfigurationReference = 0E898F2C06109C0F215828DD /* Pods-ThatsMyJam.debug.xcconfig */;
			buildSettings = {
				ASSETCATALOG_COMPILER_APPICON_NAME = AppIcon;
				CLANG_ENABLE_OBJC_WEAK = YES;
				CODE_SIGN_STYLE = Automatic;
				DEBUG_INFORMATION_FORMAT = "dwarf-with-dsym";
				DEVELOPMENT_TEAM = K8YZSQZRNW;
				INFOPLIST_FILE = "$(SRCROOT)/ThatsMyJam/SupportingFiles/Info.plist";
				IPHONEOS_DEPLOYMENT_TARGET = 12.0;
				LD_RUNPATH_SEARCH_PATHS = "$(inherited) @executable_path/Frameworks";
				PRODUCT_BUNDLE_IDENTIFIER = com.matthewhsingleton.ThatsMyJam;
				PRODUCT_NAME = "$(TARGET_NAME)";
				SWIFT_OPTIMIZATION_LEVEL = "-O";
				SWIFT_VERSION = 4.2;
				TARGETED_DEVICE_FAMILY = "1,2";
			};
			name = Debug;
		};
		29A3A046202522E900118867 /* Release */ = {
			isa = XCBuildConfiguration;
			baseConfigurationReference = FA037383E2C92440F3BBA5AB /* Pods-ThatsMyJam.release.xcconfig */;
			buildSettings = {
				ASSETCATALOG_COMPILER_APPICON_NAME = AppIcon;
				CLANG_ENABLE_OBJC_WEAK = YES;
				CODE_SIGN_STYLE = Automatic;
				DEVELOPMENT_TEAM = K8YZSQZRNW;
				INFOPLIST_FILE = "$(SRCROOT)/ThatsMyJam/SupportingFiles/Info.plist";
				IPHONEOS_DEPLOYMENT_TARGET = 12.0;
				LD_RUNPATH_SEARCH_PATHS = "$(inherited) @executable_path/Frameworks";
				PRODUCT_BUNDLE_IDENTIFIER = com.matthewhsingleton.ThatsMyJam;
				PRODUCT_NAME = "$(TARGET_NAME)";
				SWIFT_VERSION = 4.2;
				TARGETED_DEVICE_FAMILY = "1,2";
			};
			name = Release;
		};
		29A3A048202522E900118867 /* Debug */ = {
			isa = XCBuildConfiguration;
			baseConfigurationReference = 2F8682BE3DA2F11CEE1D5EA5 /* Pods-ThatsMyJamTests.debug.xcconfig */;
			buildSettings = {
				ALWAYS_EMBED_SWIFT_STANDARD_LIBRARIES = YES;
				BUNDLE_LOADER = "$(TEST_HOST)";
				CLANG_ENABLE_OBJC_WEAK = YES;
				CODE_SIGN_STYLE = Automatic;
				DEVELOPMENT_TEAM = K8YZSQZRNW;
				INFOPLIST_FILE = ThatsMyJamTests/Info.plist;
				IPHONEOS_DEPLOYMENT_TARGET = 11.3;
				LD_RUNPATH_SEARCH_PATHS = "$(inherited) @executable_path/Frameworks @loader_path/Frameworks";
				PRODUCT_BUNDLE_IDENTIFIER = com.matthewhsingleton.ThatsMyJamTests;
				PRODUCT_NAME = "$(TARGET_NAME)";
				SWIFT_OPTIMIZATION_LEVEL = "-O";
				SWIFT_VERSION = 4.2;
				TARGETED_DEVICE_FAMILY = "1,2";
				TEST_HOST = "$(BUILT_PRODUCTS_DIR)/ThatsMyJam.app/ThatsMyJam";
			};
			name = Debug;
		};
		29A3A049202522E900118867 /* Release */ = {
			isa = XCBuildConfiguration;
			baseConfigurationReference = 9695E006F660BFCCF9C68971 /* Pods-ThatsMyJamTests.release.xcconfig */;
			buildSettings = {
				ALWAYS_EMBED_SWIFT_STANDARD_LIBRARIES = YES;
				BUNDLE_LOADER = "$(TEST_HOST)";
				CLANG_ENABLE_OBJC_WEAK = YES;
				CODE_SIGN_STYLE = Automatic;
				DEVELOPMENT_TEAM = K8YZSQZRNW;
				INFOPLIST_FILE = ThatsMyJamTests/Info.plist;
				IPHONEOS_DEPLOYMENT_TARGET = 11.3;
				LD_RUNPATH_SEARCH_PATHS = "$(inherited) @executable_path/Frameworks @loader_path/Frameworks";
				PRODUCT_BUNDLE_IDENTIFIER = com.matthewhsingleton.ThatsMyJamTests;
				PRODUCT_NAME = "$(TARGET_NAME)";
				SWIFT_VERSION = 4.2;
				TARGETED_DEVICE_FAMILY = "1,2";
				TEST_HOST = "$(BUILT_PRODUCTS_DIR)/ThatsMyJam.app/ThatsMyJam";
			};
			name = Release;
		};
/* End XCBuildConfiguration section */

/* Begin XCConfigurationList section */
		29A3A01F202522E900118867 /* Build configuration list for PBXProject "ThatsMyJam" */ = {
			isa = XCConfigurationList;
			buildConfigurations = (
				29A3A042202522E900118867 /* Debug */,
				29A3A043202522E900118867 /* Release */,
			);
			defaultConfigurationIsVisible = 0;
			defaultConfigurationName = Release;
		};
		29A3A044202522E900118867 /* Build configuration list for PBXNativeTarget "ThatsMyJam" */ = {
			isa = XCConfigurationList;
			buildConfigurations = (
				29A3A045202522E900118867 /* Debug */,
				29A3A046202522E900118867 /* Release */,
			);
			defaultConfigurationIsVisible = 0;
			defaultConfigurationName = Release;
		};
		29A3A047202522E900118867 /* Build configuration list for PBXNativeTarget "ThatsMyJamTests" */ = {
			isa = XCConfigurationList;
			buildConfigurations = (
				29A3A048202522E900118867 /* Debug */,
				29A3A049202522E900118867 /* Release */,
			);
			defaultConfigurationIsVisible = 0;
			defaultConfigurationName = Release;
		};
/* End XCConfigurationList section */

/* Begin XCVersionGroup section */
		29A3A02E202522E900118867 /* ThatsMyJam.xcdatamodeld */ = {
			isa = XCVersionGroup;
			children = (
				29A3A02F202522E900118867 /* ThatsMyJam.xcdatamodel */,
			);
			currentVersion = 29A3A02F202522E900118867 /* ThatsMyJam.xcdatamodel */;
			path = ThatsMyJam.xcdatamodeld;
			sourceTree = "<group>";
			versionGroupType = wrapper.xcdatamodel;
		};
/* End XCVersionGroup section */
	};
	rootObject = 29A3A01C202522E900118867 /* Project object */;
}
